{
  "name": "220831_ts2",
  "version": "1.0.0",
  "lockfileVersion": 2,
  "requires": true,
  "packages": {
    "": {
      "name": "220831_ts2",
      "version": "1.0.0",
      "license": "ISC",
      "dependencies": {
        "typescript": "^4.8.2"
      },
      "devDependencies": {
        "@wooooooood/220831_ts": "^0.0.4"
      }
    },
    "node_modules/@wooooooood/220831_ts": {
      "version": "0.0.4",
      "resolved": "https://npm.pkg.github.com/download/@wooooooood/220831_ts/0.0.4/468618984252ee71e3696a41a993209870fec232",
      "integrity": "sha512-i9OJuCT9csP32lv7KQkVxvuOL4KYcnXInabjKvAoCSyeyMiq77UIFwL1Qv2TF5auso2Mlo97pfQaeWi79Hcsfg==",
      "dev": true,
      "license": "ISC"
    },
    "node_modules/typescript": {
      "version": "4.8.2",
      "resolved": "https://registry.npmjs.org/typescript/-/typescript-4.8.2.tgz",
      "integrity": "sha512-C0I1UsrrDHo2fYI5oaCGbSejwX4ch+9Y5jTQELvovfmFkK3HHSZJB8MSJcWLmCUBzQBchCrZ9rMRV6GuNrvGtw==",
      "bin": {
        "tsc": "bin/tsc",
        "tsserver": "bin/tsserver"
      },
      "engines": {
        "node": ">=4.2.0"
      }
    }
  },
  "dependencies": {
    "@wooooooood/220831_ts": {
      "version": "0.0.4",
      "resolved": "https://npm.pkg.github.com/download/@wooooooood/220831_ts/0.0.4/468618984252ee71e3696a41a993209870fec232",
      "integrity": "sha512-i9OJuCT9csP32lv7KQkVxvuOL4KYcnXInabjKvAoCSyeyMiq77UIFwL1Qv2TF5auso2Mlo97pfQaeWi79Hcsfg==",
      "dev": true
    },
    "typescript": {
      "version": "4.8.2",
      "resolved": "https://registry.npmjs.org/typescript/-/typescript-4.8.2.tgz",
      "integrity": "sha512-C0I1UsrrDHo2fYI5oaCGbSejwX4ch+9Y5jTQELvovfmFkK3HHSZJB8MSJcWLmCUBzQBchCrZ9rMRV6GuNrvGtw=="
    }
  }
}
